// !$*UTF8*$!
{
	archiveVersion = 1;
	classes = {
	};
	objectVersion = 46;
	objects = {

/* Begin PBXBuildFile section */
		77C4F8421D39F26A007EAA7E /* AppDelegate.swift in Sources */ = {isa = PBXBuildFile; fileRef = 77C4F8411D39F26A007EAA7E /* AppDelegate.swift */; };
		77C4F8441D39F26A007EAA7E /* ViewController.swift in Sources */ = {isa = PBXBuildFile; fileRef = 77C4F8431D39F26A007EAA7E /* ViewController.swift */; };
		77C4F8471D39F26A007EAA7E /* Main.storyboard in Resources */ = {isa = PBXBuildFile; fileRef = 77C4F8451D39F26A007EAA7E /* Main.storyboard */; };
		77C4F8491D39F26A007EAA7E /* Assets.xcassets in Resources */ = {isa = PBXBuildFile; fileRef = 77C4F8481D39F26A007EAA7E /* Assets.xcassets */; };
		77C4F84C1D39F26A007EAA7E /* LaunchScreen.storyboard in Resources */ = {isa = PBXBuildFile; fileRef = 77C4F84A1D39F26A007EAA7E /* LaunchScreen.storyboard */; };
/* End PBXBuildFile section */

/* Begin PBXFileReference section */
		77C4F83E1D39F26A007EAA7E /* ooprpg.app */ = {isa = PBXFileReference; explicitFileType = wrapper.application; includeInIndex = 0; path = ooprpg.app; sourceTree = BUILT_PRODUCTS_DIR; };
		77C4F8411D39F26A007EAA7E /* AppDelegate.swift */ = {isa = PBXFileReference; lastKnownFileType = sourcecode.swift; path = AppDelegate.swift; sourceTree = "<group>"; };
		77C4F8431D39F26A007EAA7E /* ViewController.swift */ = {isa = PBXFileReference; lastKnownFileType = sourcecode.swift; path = ViewController.swift; sourceTree = "<group>"; };
		77C4F8461D39F26A007EAA7E /* Base */ = {isa = PBXFileReference; lastKnownFileType = file.storyboard; name = Base; path = Base.lproj/Main.storyboard; sourceTree = "<group>"; };
		77C4F8481D39F26A007EAA7E /* Assets.xcassets */ = {isa = PBXFileReference; lastKnownFileType = folder.assetcatalog; path = Assets.xcassets; sourceTree = "<group>"; };
		77C4F84B1D39F26A007EAA7E /* Base */ = {isa = PBXFileReference; lastKnownFileType = file.storyboard; name = Base; path = Base.lproj/LaunchScreen.storyboard; sourceTree = "<group>"; };
		77C4F84D1D39F26A007EAA7E /* Info.plist */ = {isa = PBXFileReference; lastKnownFileType = text.plist.xml; path = Info.plist; sourceTree = "<group>"; };
/* End PBXFileReference section */

/* Begin PBXFrameworksBuildPhase section */
		77C4F83B1D39F26A007EAA7E /* Frameworks */ = {
			isa = PBXFrameworksBuildPhase;
			buildActionMask = 2147483647;
			files = (
			);
			runOnlyForDeploymentPostprocessing = 0;
		};
/* End PBXFrameworksBuildPhase section */

/* Begin PBXGroup section */
		77C4F8351D39F269007EAA7E = {
			isa = PBXGroup;
			children = (
				77C4F8401D39F26A007EAA7E /* ooprpg */,
				77C4F83F1D39F26A007EAA7E /* Products */,
			);
			sourceTree = "<group>";
		};
		77C4F83F1D39F26A007EAA7E /* Products */ = {
			isa = PBXGroup;
			children = (
				77C4F83E1D39F26A007EAA7E /* ooprpg.app */,
			);
			name = Products;
			sourceTree = "<group>";
		};
		77C4F8401D39F26A007EAA7E /* ooprpg */ = {
			isa = PBXGroup;
			children = (
				77C4F8411D39F26A007EAA7E /* AppDelegate.swift */,
				77C4F8431D39F26A007EAA7E /* ViewController.swift */,
				77C4F8451D39F26A007EAA7E /* Main.storyboard */,
				77C4F8481D39F26A007EAA7E /* Assets.xcassets */,
				77C4F84A1D39F26A007EAA7E /* LaunchScreen.storyboard */,
				77C4F84D1D39F26A007EAA7E /* Info.plist */,
			);
			path = ooprpg;
			sourceTree = "<group>";
		};
/* End PBXGroup section */

/* Begin PBXNativeTarget section */
		77C4F83D1D39F26A007EAA7E /* ooprpg */ = {
			isa = PBXNativeTarget;
			buildConfigurationList = 77C4F8501D39F26A007EAA7E /* Build configuration list for PBXNativeTarget "ooprpg" */;
			buildPhases = (
				77C4F83A1D39F26A007EAA7E /* Sources */,
				77C4F83B1D39F26A007EAA7E /* Frameworks */,
				77C4F83C1D39F26A007EAA7E /* Resources */,
			);
			buildRules = (
			);
			dependencies = (
			);
			name = ooprpg;
			productName = ooprpg;
			productReference = 77C4F83E1D39F26A007EAA7E /* ooprpg.app */;
			productType = "com.apple.product-type.application";
		};
/* End PBXNativeTarget section */

/* Begin PBXProject section */
		77C4F8361D39F269007EAA7E /* Project object */ = {
			isa = PBXProject;
			attributes = {
				LastSwiftUpdateCheck = 0730;
				LastUpgradeCheck = 0730;
				ORGANIZATIONNAME = MarvinAndara;
				TargetAttributes = {
					77C4F83D1D39F26A007EAA7E = {
						CreatedOnToolsVersion = 7.3.1;
						DevelopmentTeam = 936SY8KXJW;
					};
				};
			};
			buildConfigurationList = 77C4F8391D39F269007EAA7E /* Build configuration list for PBXProject "ooprpg" */;
			compatibilityVersion = "Xcode 3.2";
			developmentRegion = English;
			hasScannedForEncodings = 0;
			knownRegions = (
				en,
				Base,
			);
			mainGroup = 77C4F8351D39F269007EAA7E;
			productRefGroup = 77C4F83F1D39F26A007EAA7E /* Products */;
			projectDirPath = "";
			projectRoot = "";
			targets = (
				77C4F83D1D39F26A007EAA7E /* ooprpg */,
			);
		};
/* End PBXProject section */

/* Begin PBXResourcesBuildPhase section */
		77C4F83C1D39F26A007EAA7E /* Resources */ = {
			isa = PBXResourcesBuildPhase;
			buildActionMask = 2147483647;
			files = (
				77C4F84C1D39F26A007EAA7E /* LaunchScreen.storyboard in Resources */,
				77C4F8491D39F26A007EAA7E /* Assets.xcassets in Resources */,
				77C4F8471D39F26A007EAA7E /* Main.storyboard in Resources */,
			);
			runOnlyForDeploymentPostprocessing = 0;
		};
/* End PBXResourcesBuildPhase section */

/* Begin PBXSourcesBuildPhase section */
		77C4F83A1D39F26A007EAA7E /* Sources */ = {
			isa = PBXSourcesBuildPhase;
			buildActionMask = 2147483647;
			files = (
				77C4F8441D39F26A007EAA7E /* ViewController.swift in Sources */,
				77C4F8421D39F26A007EAA7E /* AppDelegate.swift in Sources */,
			);
			runOnlyForDeploymentPostprocessing = 0;
		};
/* End PBXSourcesBuildPhase section */

/* Begin PBXVariantGroup section */
		77C4F8451D39F26A007EAA7E /* Main.storyboard */ = {
			isa = PBXVariantGroup;
			children = (
				77C4F8461D39F26A007EAA7E /* Base */,
			);
			name = Main.storyboard;
			sourceTree = "<group>";
		};
		77C4F84A1D39F26A007EAA7E /* LaunchScreen.storyboard */ = {
			isa = PBXVariantGroup;
			children = (
				77C4F84B1D39F26A007EAA7E /* Base */,
			);
			name = LaunchScreen.storyboard;
			sourceTree = "<group>";
		};
/* End PBXVariantGroup section */

/* Begin XCBuildConfiguration section */
		77C4F84E1D39F26A007EAA7E /* Debug */ = {
			isa = XCBuildConfiguration;
			buildSettings = {
				ALWAYS_SEARCH_USER_PATHS = NO;
				CLANG_ANALYZER_NONNULL = YES;
				CLANG_CXX_LANGUAGE_STANDARD = "gnu++0x";
				CLANG_CXX_LIBRARY = "libc++";
				CLANG_ENABLE_MODULES = YES;
				CLANG_ENABLE_OBJC_ARC = YES;
				CLANG_WARN_BOOL_CONVERSION = YES;
				CLANG_WARN_CONSTANT_CONVERSION = YES;
				CLANG_WARN_DIRECT_OBJC_ISA_USAGE = YES_ERROR;
				CLANG_WARN_EMPTY_BODY = YES;
				CLANG_WARN_ENUM_CONVERSION = YES;
				CLANG_WARN_INT_CONVERSION = YES;
				CLANG_WARN_OBJC_ROOT_CLASS = YES_ERROR;
				CLANG_WARN_UNREACHABLE_CODE = YES;
				CLANG_WARN__DUPLICATE_METHOD_MATCH = YES;
				"CODE_SIGN_IDENTITY[sdk=iphoneos*]" = "iPhone Developer";
				COPY_PHASE_STRIP = NO;
				DEBUG_INFORMATION_FORMAT = dwarf;
				ENABLE_STRICT_OBJC_MSGSEND = YES;
				ENABLE_TESTABILITY = YES;
				GCC_C_LANGUAGE_STANDARD = gnu99;
				GCC_DYNAMIC_NO_PIC = NO;
				GCC_NO_COMMON_BLOCKS = YES;
				GCC_OPTIMIZATION_LEVEL = 0;
				GCC_PREPROCESSOR_DEFINITIONS = (
					"DEBUG=1",
					"$(inherited)",
				);
				GCC_WARN_64_TO_32_BIT_CONVERSION = YES;
				GCC_WARN_ABOUT_RETURN_TYPE = YES_ERROR;
				GCC_WARN_UNDECLARED_SELECTOR = YES;
				GCC_WARN_UNINITIALIZED_AUTOS = YES_AGGRESSIVE;
				GCC_WARN_UNUSED_FUNCTION = YES;
				GCC_WARN_UNUSED_VARIABLE = YES;
				IPHONEOS_DEPLOYMENT_TARGET = 9.3;
				MTL_ENABLE_DEBUG_INFO = YES;
				ONLY_ACTIVE_ARCH = YES;
				SDKROOT = iphoneos;
				SWIFT_OPTIMIZATION_LEVEL = "-Onone";
				TARGETED_DEVICE_FAMILY = "1,2";
			};
			name = Debug;
		};
		77C4F84F1D39F26A007EAA7E /* Release */ = {
			isa = XCBuildConfiguration;
			buildSettings = {
				ALWAYS_SEARCH_USER_PATHS = NO;
				CLANG_ANALYZER_NONNULL = YES;
				CLANG_CXX_LANGUAGE_STANDARD = "gnu++0x";
				CLANG_CXX_LIBRARY = "libc++";
				CLANG_ENABLE_MODULES = YES;
				CLANG_ENABLE_OBJC_ARC = YES;
				CLANG_WARN_BOOL_CONVERSION = YES;
				CLANG_WARN_CONSTANT_CONVERSION = YES;
				CLANG_WARN_DIRECT_OBJC_ISA_USAGE = YES_ERROR;
				CLANG_WARN_EMPTY_BODY = YES;
				CLANG_WARN_ENUM_CONVERSION = YES;
				CLANG_WARN_INT_CONVERSION = YES;
				CLANG_WARN_OBJC_ROOT_CLASS = YES_ERROR;
				CLANG_WARN_UNREACHABLE_CODE = YES;
				CLANG_WARN__DUPLICATE_METHOD_MATCH = YES;
				"CODE_SIGN_IDENTITY[sdk=iphoneos*]" = "iPhone Developer";
				COPY_PHASE_STRIP = NO;
				DEBUG_INFORMATION_FORMAT = "dwarf-with-dsym";
				ENABLE_NS_ASSERTIONS = NO;
				ENABLE_STRICT_OBJC_MSGSEND = YES;
				GCC_C_LANGUAGE_STANDARD = gnu99;
				GCC_NO_COMMON_BLOCKS = YES;
				GCC_WARN_64_TO_32_BIT_CONVERSION = YES;
				GCC_WARN_ABOUT_RETURN_TYPE = YES_ERROR;
				GCC_WARN_UNDECLARED_SELECTOR = YES;
				GCC_WARN_UNINITIALIZED_AUTOS = YES_AGGRESSIVE;
				GCC_WARN_UNUSED_FUNCTION = YES;
				GCC_WARN_UNUSED_VARIABLE = YES;
				IPHONEOS_DEPLOYMENT_TARGET = 9.3;
				MTL_ENABLE_DEBUG_INFO = NO;
				SDKROOT = iphoneos;
				TARGETED_DEVICE_FAMILY = "1,2";
				VALIDATE_PRODUCT = YES;
			};
			name = Release;
		};
		77C4F8511D39F26A007EAA7E /* Debug */ = {
			isa = XCBuildConfiguration;
			buildSettings = {
				ASSETCATALOG_COMPILER_APPICON_NAME = AppIcon;
				INFOPLIST_FILE = ooprpg/Info.plist;
				LD_RUNPATH_SEARCH_PATHS = "$(inherited) @executable_path/Frameworks";
				PRODUCT_BUNDLE_IDENTIFIER = com.MarvinAndara.ooprpg;
				PRODUCT_NAME = "$(TARGET_NAME)";
			};
			name = Debug;
		};
		77C4F8521D39F26A007EAA7E /* Release */ = {
			isa = XCBuildConfiguration;
			buildSettings = {
				ASSETCATALOG_COMPILER_APPICON_NAME = AppIcon;
				INFOPLIST_FILE = ooprpg/Info.plist;
				LD_RUNPATH_SEARCH_PATHS = "$(inherited) @executable_path/Frameworks";
				PRODUCT_BUNDLE_IDENTIFIER = com.MarvinAndara.ooprpg;
				PRODUCT_NAME = "$(TARGET_NAME)";
			};
			name = Release;
		};
/* End XCBuildConfiguration section */

/* Begin XCConfigurationList section */
		77C4F8391D39F269007EAA7E /* Build configuration list for PBXProject "ooprpg" */ = {
			isa = XCConfigurationList;
			buildConfigurations = (
				77C4F84E1D39F26A007EAA7E /* Debug */,
				77C4F84F1D39F26A007EAA7E /* Release */,
			);
			defaultConfigurationIsVisible = 0;
			defaultConfigurationName = Release;
		};
		77C4F8501D39F26A007EAA7E /* Build configuration list for PBXNativeTarget "ooprpg" */ = {
			isa = XCConfigurationList;
			buildConfigurations = (
				77C4F8511D39F26A007EAA7E /* Debug */,
				77C4F8521D39F26A007EAA7E /* Release */,
			);
			defaultConfigurationIsVisible = 0;
		};
/* End XCConfigurationList section */
	};
	rootObject = 77C4F8361D39F269007EAA7E /* Project object */;
}
